// !$*UTF8*$!
{
	archiveVersion = 1;
	classes = {
	};
	objectVersion = 46;
	objects = {

/* Begin PBXBuildFile section */
		20CFE57119B9588000A0AE81 /* AppDelegate.swift in Sources */ = {isa = PBXBuildFile; fileRef = 20CFE57019B9588000A0AE81 /* AppDelegate.swift */; };
		20CFE57319B9588000A0AE81 /* ViewController.swift in Sources */ = {isa = PBXBuildFile; fileRef = 20CFE57219B9588000A0AE81 /* ViewController.swift */; };
		20CFE57619B9588000A0AE81 /* Main.storyboard in Resources */ = {isa = PBXBuildFile; fileRef = 20CFE57419B9588000A0AE81 /* Main.storyboard */; };
		20CFE57819B9588000A0AE81 /* Images.xcassets in Resources */ = {isa = PBXBuildFile; fileRef = 20CFE57719B9588000A0AE81 /* Images.xcassets */; };
		20CFE58419B9588000A0AE81 /* ios8_facebookTests.swift in Sources */ = {isa = PBXBuildFile; fileRef = 20CFE58319B9588000A0AE81 /* ios8_facebookTests.swift */; };
		20E9389C19B9800300F247CC /* FeedViewController.swift in Sources */ = {isa = PBXBuildFile; fileRef = 20E9389B19B9800300F247CC /* FeedViewController.swift */; };
		20E9389E19B981C800F247CC /* RequestsViewController.swift in Sources */ = {isa = PBXBuildFile; fileRef = 20E9389D19B981C800F247CC /* RequestsViewController.swift */; };
		20E938A019B9820B00F247CC /* MessagesViewController.swift in Sources */ = {isa = PBXBuildFile; fileRef = 20E9389F19B9820B00F247CC /* MessagesViewController.swift */; };
		20E938A219B9823300F247CC /* NotificationsViewController.swift in Sources */ = {isa = PBXBuildFile; fileRef = 20E938A119B9823300F247CC /* NotificationsViewController.swift */; };
		20E938A419B9825B00F247CC /* MoreViewController.swift in Sources */ = {isa = PBXBuildFile; fileRef = 20E938A319B9825B00F247CC /* MoreViewController.swift */; };
		864B9F598DBE4FF9BA62D096 /* libPods.a in Frameworks */ = {isa = PBXBuildFile; fileRef = 40941CE765F349249A0D3A01 /* libPods.a */; };
/* End PBXBuildFile section */

/* Begin PBXContainerItemProxy section */
		20CFE57E19B9588000A0AE81 /* PBXContainerItemProxy */ = {
			isa = PBXContainerItemProxy;
			containerPortal = 20CFE56319B9588000A0AE81 /* Project object */;
			proxyType = 1;
			remoteGlobalIDString = 20CFE56A19B9588000A0AE81;
			remoteInfo = ios8_facebook;
		};
/* End PBXContainerItemProxy section */

/* Begin PBXFileReference section */
		1CDFA08CC84E4810B2A856BE /* Pods.xcconfig */ = {isa = PBXFileReference; includeInIndex = 1; lastKnownFileType = text.xcconfig; name = Pods.xcconfig; path = Pods/Pods.xcconfig; sourceTree = "<group>"; };
		20CFE56B19B9588000A0AE81 /* ios8_facebook.app */ = {isa = PBXFileReference; explicitFileType = wrapper.application; includeInIndex = 0; path = ios8_facebook.app; sourceTree = BUILT_PRODUCTS_DIR; };
		20CFE56F19B9588000A0AE81 /* Info.plist */ = {isa = PBXFileReference; lastKnownFileType = text.plist.xml; path = Info.plist; sourceTree = "<group>"; };
		20CFE57019B9588000A0AE81 /* AppDelegate.swift */ = {isa = PBXFileReference; lastKnownFileType = sourcecode.swift; path = AppDelegate.swift; sourceTree = "<group>"; };
		20CFE57219B9588000A0AE81 /* ViewController.swift */ = {isa = PBXFileReference; lastKnownFileType = sourcecode.swift; path = ViewController.swift; sourceTree = "<group>"; };
		20CFE57519B9588000A0AE81 /* Base */ = {isa = PBXFileReference; lastKnownFileType = file.storyboard; name = Base; path = Base.lproj/Main.storyboard; sourceTree = "<group>"; };
		20CFE57719B9588000A0AE81 /* Images.xcassets */ = {isa = PBXFileReference; lastKnownFileType = folder.assetcatalog; path = Images.xcassets; sourceTree = "<group>"; };
		20CFE57D19B9588000A0AE81 /* ios8_facebookTests.xctest */ = {isa = PBXFileReference; explicitFileType = wrapper.cfbundle; includeInIndex = 0; path = ios8_facebookTests.xctest; sourceTree = BUILT_PRODUCTS_DIR; };
		20CFE58219B9588000A0AE81 /* Info.plist */ = {isa = PBXFileReference; lastKnownFileType = text.plist.xml; path = Info.plist; sourceTree = "<group>"; };
		20CFE58319B9588000A0AE81 /* ios8_facebookTests.swift */ = {isa = PBXFileReference; lastKnownFileType = sourcecode.swift; path = ios8_facebookTests.swift; sourceTree = "<group>"; };
		20E9389B19B9800300F247CC /* FeedViewController.swift */ = {isa = PBXFileReference; fileEncoding = 4; lastKnownFileType = sourcecode.swift; path = FeedViewController.swift; sourceTree = "<group>"; };
		20E9389D19B981C800F247CC /* RequestsViewController.swift */ = {isa = PBXFileReference; fileEncoding = 4; lastKnownFileType = sourcecode.swift; path = RequestsViewController.swift; sourceTree = "<group>"; };
		20E9389F19B9820B00F247CC /* MessagesViewController.swift */ = {isa = PBXFileReference; fileEncoding = 4; lastKnownFileType = sourcecode.swift; path = MessagesViewController.swift; sourceTree = "<group>"; };
		20E938A119B9823300F247CC /* NotificationsViewController.swift */ = {isa = PBXFileReference; fileEncoding = 4; lastKnownFileType = sourcecode.swift; path = NotificationsViewController.swift; sourceTree = "<group>"; };
		20E938A319B9825B00F247CC /* MoreViewController.swift */ = {isa = PBXFileReference; fileEncoding = 4; lastKnownFileType = sourcecode.swift; path = MoreViewController.swift; sourceTree = "<group>"; };
		40941CE765F349249A0D3A01 /* libPods.a */ = {isa = PBXFileReference; explicitFileType = archive.ar; includeInIndex = 0; path = libPods.a; sourceTree = BUILT_PRODUCTS_DIR; };
/* End PBXFileReference section */

/* Begin PBXFrameworksBuildPhase section */
		20CFE56819B9588000A0AE81 /* Frameworks */ = {
			isa = PBXFrameworksBuildPhase;
			buildActionMask = 2147483647;
			files = (
				864B9F598DBE4FF9BA62D096 /* libPods.a in Frameworks */,
			);
			runOnlyForDeploymentPostprocessing = 0;
		};
		20CFE57A19B9588000A0AE81 /* Frameworks */ = {
			isa = PBXFrameworksBuildPhase;
			buildActionMask = 2147483647;
			files = (
			);
			runOnlyForDeploymentPostprocessing = 0;
		};
/* End PBXFrameworksBuildPhase section */

/* Begin PBXGroup section */
		20CFE56219B9588000A0AE81 = {
			isa = PBXGroup;
			children = (
				20CFE56D19B9588000A0AE81 /* ios8_facebook */,
				20CFE58019B9588000A0AE81 /* ios8_facebookTests */,
				20CFE56C19B9588000A0AE81 /* Products */,
				1CDFA08CC84E4810B2A856BE /* Pods.xcconfig */,
				C439FFE15A344654B76610BC /* Frameworks */,
			);
			sourceTree = "<group>";
		};
		20CFE56C19B9588000A0AE81 /* Products */ = {
			isa = PBXGroup;
			children = (
				20CFE56B19B9588000A0AE81 /* ios8_facebook.app */,
				20CFE57D19B9588000A0AE81 /* ios8_facebookTests.xctest */,
			);
			name = Products;
			sourceTree = "<group>";
		};
		20CFE56D19B9588000A0AE81 /* ios8_facebook */ = {
			isa = PBXGroup;
			children = (
				20E9389319B9683F00F247CC /* Controllers */,
				20CFE57019B9588000A0AE81 /* AppDelegate.swift */,
				20CFE57219B9588000A0AE81 /* ViewController.swift */,
				20CFE57419B9588000A0AE81 /* Main.storyboard */,
				20CFE57719B9588000A0AE81 /* Images.xcassets */,
				20CFE56E19B9588000A0AE81 /* Supporting Files */,
			);
			path = ios8_facebook;
			sourceTree = "<group>";
		};
		20CFE56E19B9588000A0AE81 /* Supporting Files */ = {
			isa = PBXGroup;
			children = (
				20CFE56F19B9588000A0AE81 /* Info.plist */,
			);
			name = "Supporting Files";
			sourceTree = "<group>";
		};
		20CFE58019B9588000A0AE81 /* ios8_facebookTests */ = {
			isa = PBXGroup;
			children = (
				20CFE58319B9588000A0AE81 /* ios8_facebookTests.swift */,
				20CFE58119B9588000A0AE81 /* Supporting Files */,
			);
			path = ios8_facebookTests;
			sourceTree = "<group>";
		};
		20CFE58119B9588000A0AE81 /* Supporting Files */ = {
			isa = PBXGroup;
			children = (
				20CFE58219B9588000A0AE81 /* Info.plist */,
			);
			name = "Supporting Files";
			sourceTree = "<group>";
		};
		20E9389319B9683F00F247CC /* Controllers */ = {
			isa = PBXGroup;
			children = (
				20E9389A19B97FF700F247CC /* Feed */,
				20E9389719B9688900F247CC /* Messages */,
				20E9389919B968AC00F247CC /* More */,
				20E9389819B968A500F247CC /* Notifications */,
				20E9389619B9687F00F247CC /* Requests */,
			);
			name = Controllers;
			sourceTree = "<group>";
		};
		20E9389619B9687F00F247CC /* Requests */ = {
			isa = PBXGroup;
			children = (
				20E9389D19B981C800F247CC /* RequestsViewController.swift */,
			);
			name = Requests;
			sourceTree = "<group>";
		};
		20E9389719B9688900F247CC /* Messages */ = {
			isa = PBXGroup;
			children = (
				20E9389F19B9820B00F247CC /* MessagesViewController.swift */,
			);
			name = Messages;
			sourceTree = "<group>";
		};
		20E9389819B968A500F247CC /* Notifications */ = {
			isa = PBXGroup;
			children = (
				20E938A119B9823300F247CC /* NotificationsViewController.swift */,
			);
			name = Notifications;
			sourceTree = "<group>";
		};
		20E9389919B968AC00F247CC /* More */ = {
			isa = PBXGroup;
			children = (
				20E938A319B9825B00F247CC /* MoreViewController.swift */,
			);
			name = More;
			sourceTree = "<group>";
		};
		20E9389A19B97FF700F247CC /* Feed */ = {
			isa = PBXGroup;
			children = (
				20E9389B19B9800300F247CC /* FeedViewController.swift */,
			);
			name = Feed;
			sourceTree = "<group>";
		};
		C439FFE15A344654B76610BC /* Frameworks */ = {
			isa = PBXGroup;
			children = (
				40941CE765F349249A0D3A01 /* libPods.a */,
			);
			name = Frameworks;
			sourceTree = "<group>";
		};
/* End PBXGroup section */

/* Begin PBXNativeTarget section */
		20CFE56A19B9588000A0AE81 /* ios8_facebook */ = {
			isa = PBXNativeTarget;
			buildConfigurationList = 20CFE58719B9588000A0AE81 /* Build configuration list for PBXNativeTarget "ios8_facebook" */;
			buildPhases = (
				FE979E72907E4BF190382DA3 /* Check Pods Manifest.lock */,
				20CFE56719B9588000A0AE81 /* Sources */,
				20CFE56819B9588000A0AE81 /* Frameworks */,
				20CFE56919B9588000A0AE81 /* Resources */,
				8164FBD6F9CE41E68C4B43FB /* Copy Pods Resources */,
			);
			buildRules = (
			);
			dependencies = (
			);
			name = ios8_facebook;
			productName = ios8_facebook;
			productReference = 20CFE56B19B9588000A0AE81 /* ios8_facebook.app */;
			productType = "com.apple.product-type.application";
		};
		20CFE57C19B9588000A0AE81 /* ios8_facebookTests */ = {
			isa = PBXNativeTarget;
			buildConfigurationList = 20CFE58A19B9588000A0AE81 /* Build configuration list for PBXNativeTarget "ios8_facebookTests" */;
			buildPhases = (
				20CFE57919B9588000A0AE81 /* Sources */,
				20CFE57A19B9588000A0AE81 /* Frameworks */,
				20CFE57B19B9588000A0AE81 /* Resources */,
			);
			buildRules = (
			);
			dependencies = (
				20CFE57F19B9588000A0AE81 /* PBXTargetDependency */,
			);
			name = ios8_facebookTests;
			productName = ios8_facebookTests;
			productReference = 20CFE57D19B9588000A0AE81 /* ios8_facebookTests.xctest */;
			productType = "com.apple.product-type.bundle.unit-test";
		};
/* End PBXNativeTarget section */

/* Begin PBXProject section */
		20CFE56319B9588000A0AE81 /* Project object */ = {
			isa = PBXProject;
			attributes = {
				LastUpgradeCheck = 0600;
				ORGANIZATIONNAME = "Stanley Ng";
				TargetAttributes = {
					20CFE56A19B9588000A0AE81 = {
						CreatedOnToolsVersion = 6.0;
					};
					20CFE57C19B9588000A0AE81 = {
						CreatedOnToolsVersion = 6.0;
						TestTargetID = 20CFE56A19B9588000A0AE81;
					};
				};
			};
			buildConfigurationList = 20CFE56619B9588000A0AE81 /* Build configuration list for PBXProject "ios8_facebook" */;
			compatibilityVersion = "Xcode 3.2";
			developmentRegion = English;
			hasScannedForEncodings = 0;
			knownRegions = (
				en,
				Base,
			);
			mainGroup = 20CFE56219B9588000A0AE81;
			productRefGroup = 20CFE56C19B9588000A0AE81 /* Products */;
			projectDirPath = "";
			projectRoot = "";
			targets = (
				20CFE56A19B9588000A0AE81 /* ios8_facebook */,
				20CFE57C19B9588000A0AE81 /* ios8_facebookTests */,
			);
		};
/* End PBXProject section */

/* Begin PBXResourcesBuildPhase section */
		20CFE56919B9588000A0AE81 /* Resources */ = {
			isa = PBXResourcesBuildPhase;
			buildActionMask = 2147483647;
			files = (
				20CFE57619B9588000A0AE81 /* Main.storyboard in Resources */,
				20CFE57819B9588000A0AE81 /* Images.xcassets in Resources */,
			);
			runOnlyForDeploymentPostprocessing = 0;
		};
		20CFE57B19B9588000A0AE81 /* Resources */ = {
			isa = PBXResourcesBuildPhase;
			buildActionMask = 2147483647;
			files = (
			);
			runOnlyForDeploymentPostprocessing = 0;
		};
/* End PBXResourcesBuildPhase section */

/* Begin PBXShellScriptBuildPhase section */
		8164FBD6F9CE41E68C4B43FB /* Copy Pods Resources */ = {
			isa = PBXShellScriptBuildPhase;
			buildActionMask = 2147483647;
			files = (
			);
			inputPaths = (
			);
			name = "Copy Pods Resources";
			outputPaths = (
			);
			runOnlyForDeploymentPostprocessing = 0;
			shellPath = /bin/sh;
			shellScript = "\"${SRCROOT}/Pods/Pods-resources.sh\"\n";
			showEnvVarsInLog = 0;
		};
		FE979E72907E4BF190382DA3 /* Check Pods Manifest.lock */ = {
			isa = PBXShellScriptBuildPhase;
			buildActionMask = 2147483647;
			files = (
			);
			inputPaths = (
			);
			name = "Check Pods Manifest.lock";
			outputPaths = (
			);
			runOnlyForDeploymentPostprocessing = 0;
			shellPath = /bin/sh;
			shellScript = "diff \"${PODS_ROOT}/../Podfile.lock\" \"${PODS_ROOT}/Manifest.lock\" > /dev/null\nif [[ $? != 0 ]] ; then\n    cat << EOM\nerror: The sandbox is not in sync with the Podfile.lock. Run 'pod install' or update your CocoaPods installation.\nEOM\n    exit 1\nfi\n";
			showEnvVarsInLog = 0;
		};
/* End PBXShellScriptBuildPhase section */

/* Begin PBXSourcesBuildPhase section */
		20CFE56719B9588000A0AE81 /* Sources */ = {
			isa = PBXSourcesBuildPhase;
			buildActionMask = 2147483647;
			files = (
				20E938A419B9825B00F247CC /* MoreViewController.swift in Sources */,
				20E938A019B9820B00F247CC /* MessagesViewController.swift in Sources */,
				20CFE57319B9588000A0AE81 /* ViewController.swift in Sources */,
				20E9389C19B9800300F247CC /* FeedViewController.swift in Sources */,
				20E938A219B9823300F247CC /* NotificationsViewController.swift in Sources */,
				20E9389E19B981C800F247CC /* RequestsViewController.swift in Sources */,
				20CFE57119B9588000A0AE81 /* AppDelegate.swift in Sources */,
			);
			runOnlyForDeploymentPostprocessing = 0;
		};
		20CFE57919B9588000A0AE81 /* Sources */ = {
			isa = PBXSourcesBuildPhase;
			buildActionMask = 2147483647;
			files = (
				20CFE58419B9588000A0AE81 /* ios8_facebookTests.swift in Sources */,
			);
			runOnlyForDeploymentPostprocessing = 0;
		};
/* End PBXSourcesBuildPhase section */

/* Begin PBXTargetDependency section */
		20CFE57F19B9588000A0AE81 /* PBXTargetDependency */ = {
			isa = PBXTargetDependency;
			target = 20CFE56A19B9588000A0AE81 /* ios8_facebook */;
			targetProxy = 20CFE57E19B9588000A0AE81 /* PBXContainerItemProxy */;
		};
/* End PBXTargetDependency section */

/* Begin PBXVariantGroup section */
		20CFE57419B9588000A0AE81 /* Main.storyboard */ = {
			isa = PBXVariantGroup;
			children = (
				20CFE57519B9588000A0AE81 /* Base */,
			);
			name = Main.storyboard;
			sourceTree = "<group>";
		};
/* End PBXVariantGroup section */

/* Begin XCBuildConfiguration section */
		20CFE58519B9588000A0AE81 /* Debug */ = {
			isa = XCBuildConfiguration;
			buildSettings = {
				ALWAYS_SEARCH_USER_PATHS = NO;
				CLANG_CXX_LANGUAGE_STANDARD = "gnu++0x";
				CLANG_CXX_LIBRARY = "libc++";
				CLANG_ENABLE_MODULES = YES;
				CLANG_ENABLE_OBJC_ARC = YES;
				CLANG_WARN_BOOL_CONVERSION = YES;
				CLANG_WARN_CONSTANT_CONVERSION = YES;
				CLANG_WARN_DIRECT_OBJC_ISA_USAGE = YES_ERROR;
				CLANG_WARN_EMPTY_BODY = YES;
				CLANG_WARN_ENUM_CONVERSION = YES;
				CLANG_WARN_INT_CONVERSION = YES;
				CLANG_WARN_OBJC_ROOT_CLASS = YES_ERROR;
				CLANG_WARN_UNREACHABLE_CODE = YES;
				CLANG_WARN__DUPLICATE_METHOD_MATCH = YES;
				"CODE_SIGN_IDENTITY[sdk=iphoneos*]" = "iPhone Developer";
				COPY_PHASE_STRIP = NO;
				ENABLE_STRICT_OBJC_MSGSEND = YES;
				GCC_C_LANGUAGE_STANDARD = gnu99;
				GCC_DYNAMIC_NO_PIC = NO;
				GCC_OPTIMIZATION_LEVEL = 0;
				GCC_PREPROCESSOR_DEFINITIONS = (
					"DEBUG=1",
					"$(inherited)",
				);
				GCC_SYMBOLS_PRIVATE_EXTERN = NO;
				GCC_WARN_64_TO_32_BIT_CONVERSION = YES;
				GCC_WARN_ABOUT_RETURN_TYPE = YES_ERROR;
				GCC_WARN_UNDECLARED_SELECTOR = YES;
				GCC_WARN_UNINITIALIZED_AUTOS = YES_AGGRESSIVE;
				GCC_WARN_UNUSED_FUNCTION = YES;
				GCC_WARN_UNUSED_VARIABLE = YES;
				IPHONEOS_DEPLOYMENT_TARGET = 8.0;
				MTL_ENABLE_DEBUG_INFO = YES;
				ONLY_ACTIVE_ARCH = YES;
				SDKROOT = iphoneos;
				SWIFT_OPTIMIZATION_LEVEL = "-Onone";
			};
			name = Debug;
		};
		20CFE58619B9588000A0AE81 /* Release */ = {
			isa = XCBuildConfiguration;
			buildSettings = {
				ALWAYS_SEARCH_USER_PATHS = NO;
				CLANG_CXX_LANGUAGE_STANDARD = "gnu++0x";
				CLANG_CXX_LIBRARY = "libc++";
				CLANG_ENABLE_MODULES = YES;
				CLANG_ENABLE_OBJC_ARC = YES;
				CLANG_WARN_BOOL_CONVERSION = YES;
				CLANG_WARN_CONSTANT_CONVERSION = YES;
				CLANG_WARN_DIRECT_OBJC_ISA_USAGE = YES_ERROR;
				CLANG_WARN_EMPTY_BODY = YES;
				CLANG_WARN_ENUM_CONVERSION = YES;
				CLANG_WARN_INT_CONVERSION = YES;
				CLANG_WARN_OBJC_ROOT_CLASS = YES_ERROR;
				CLANG_WARN_UNREACHABLE_CODE = YES;
				CLANG_WARN__DUPLICATE_METHOD_MATCH = YES;
				"CODE_SIGN_IDENTITY[sdk=iphoneos*]" = "iPhone Developer";
				COPY_PHASE_STRIP = YES;
				ENABLE_NS_ASSERTIONS = NO;
				ENABLE_STRICT_OBJC_MSGSEND = YES;
				GCC_C_LANGUAGE_STANDARD = gnu99;
				GCC_WARN_64_TO_32_BIT_CONVERSION = YES;
				GCC_WARN_ABOUT_RETURN_TYPE = YES_ERROR;
				GCC_WARN_UNDECLARED_SELECTOR = YES;
				GCC_WARN_UNINITIALIZED_AUTOS = YES_AGGRESSIVE;
				GCC_WARN_UNUSED_FUNCTION = YES;
				GCC_WARN_UNUSED_VARIABLE = YES;
				IPHONEOS_DEPLOYMENT_TARGET = 8.0;
				MTL_ENABLE_DEBUG_INFO = NO;
				SDKROOT = iphoneos;
				VALIDATE_PRODUCT = YES;
			};
			name = Release;
		};
		20CFE58819B9588000A0AE81 /* Debug */ = {
			isa = XCBuildConfiguration;
			baseConfigurationReference = 1CDFA08CC84E4810B2A856BE /* Pods.xcconfig */;
			buildSettings = {
				ASSETCATALOG_COMPILER_APPICON_NAME = AppIcon;
				ASSETCATALOG_COMPILER_LAUNCHIMAGE_NAME = LaunchImage;
				INFOPLIST_FILE = ios8_facebook/Info.plist;
				LD_RUNPATH_SEARCH_PATHS = "$(inherited) @executable_path/Frameworks";
				PRODUCT_NAME = "$(TARGET_NAME)";
			};
			name = Debug;
		};
		20CFE58919B9588000A0AE81 /* Release */ = {
			isa = XCBuildConfiguration;
			baseConfigurationReference = 1CDFA08CC84E4810B2A856BE /* Pods.xcconfig */;
			buildSettings = {
				ASSETCATALOG_COMPILER_APPICON_NAME = AppIcon;
				ASSETCATALOG_COMPILER_LAUNCHIMAGE_NAME = LaunchImage;
				INFOPLIST_FILE = ios8_facebook/Info.plist;
				LD_RUNPATH_SEARCH_PATHS = "$(inherited) @executable_path/Frameworks";
				PRODUCT_NAME = "$(TARGET_NAME)";
			};
			name = Release;
		};
		20CFE58B19B9588000A0AE81 /* Debug */ = {
			isa = XCBuildConfiguration;
			buildSettings = {
				BUNDLE_LOADER = "$(TEST_HOST)";
				FRAMEWORK_SEARCH_PATHS = (
					"$(SDKROOT)/Developer/Library/Frameworks",
					"$(inherited)",
				);
				GCC_PREPROCESSOR_DEFINITIONS = (
					"DEBUG=1",
					"$(inherited)",
				);
				INFOPLIST_FILE = ios8_facebookTests/Info.plist;
				LD_RUNPATH_SEARCH_PATHS = "$(inherited) @executable_path/Frameworks @loader_path/Frameworks";
				PRODUCT_NAME = "$(TARGET_NAME)";
				TEST_HOST = "$(BUILT_PRODUCTS_DIR)/ios8_facebook.app/ios8_facebook";
			};
			name = Debug;
		};
		20CFE58C19B9588000A0AE81 /* Release */ = {
			isa = XCBuildConfiguration;
			buildSettings = {
				BUNDLE_LOADER = "$(TEST_HOST)";
				FRAMEWORK_SEARCH_PATHS = (
					"$(SDKROOT)/Developer/Library/Frameworks",
					"$(inherited)",
				);
				INFOPLIST_FILE = ios8_facebookTests/Info.plist;
				LD_RUNPATH_SEARCH_PATHS = "$(inherited) @executable_path/Frameworks @loader_path/Frameworks";
				PRODUCT_NAME = "$(TARGET_NAME)";
				TEST_HOST = "$(BUILT_PRODUCTS_DIR)/ios8_facebook.app/ios8_facebook";
			};
			name = Release;
		};
/* End XCBuildConfiguration section */

/* Begin XCConfigurationList section */
		20CFE56619B9588000A0AE81 /* Build configuration list for PBXProject "ios8_facebook" */ = {
			isa = XCConfigurationList;
			buildConfigurations = (
				20CFE58519B9588000A0AE81 /* Debug */,
				20CFE58619B9588000A0AE81 /* Release */,
			);
			defaultConfigurationIsVisible = 0;
			defaultConfigurationName = Release;
		};
		20CFE58719B9588000A0AE81 /* Build configuration list for PBXNativeTarget "ios8_facebook" */ = {
			isa = XCConfigurationList;
			buildConfigurations = (
				20CFE58819B9588000A0AE81 /* Debug */,
				20CFE58919B9588000A0AE81 /* Release */,
			);
			defaultConfigurationIsVisible = 0;
			defaultConfigurationName = Release;
		};
		20CFE58A19B9588000A0AE81 /* Build configuration list for PBXNativeTarget "ios8_facebookTests" */ = {
			isa = XCConfigurationList;
			buildConfigurations = (
				20CFE58B19B9588000A0AE81 /* Debug */,
				20CFE58C19B9588000A0AE81 /* Release */,
			);
			defaultConfigurationIsVisible = 0;
			defaultConfigurationName = Release;
		};
/* End XCConfigurationList section */
	};
	rootObject = 20CFE56319B9588000A0AE81 /* Project object */;
}
